// !$*UTF8*$!
{
	archiveVersion = 1;
	classes = {
	};
	objectVersion = 56;
	objects = {

/* Begin PBXBuildFile section */
		7D17935D29364B59008A243E /* PickerController.swift in Sources */ = {isa = PBXBuildFile; fileRef = 7D17935C29364B59008A243E /* PickerController.swift */; };
		7D17935F293674CB008A243E /* ExchangeRate.swift in Sources */ = {isa = PBXBuildFile; fileRef = 7D17935E293674CB008A243E /* ExchangeRate.swift */; };
		7D179362293747E8008A243E /* UIViewController+Alert.swift in Sources */ = {isa = PBXBuildFile; fileRef = 7D179361293747E8008A243E /* UIViewController+Alert.swift */; };
		7D17936429374D5E008A243E /* HistoricalRateAndPopularCurrencyController.swift in Sources */ = {isa = PBXBuildFile; fileRef = 7D17936329374D5E008A243E /* HistoricalRateAndPopularCurrencyController.swift */; };
		7D17936729375F1F008A243E /* HistoricalRateTableDelegate.swift in Sources */ = {isa = PBXBuildFile; fileRef = 7D17936629375F1F008A243E /* HistoricalRateTableDelegate.swift */; };
		7D17936929375F3D008A243E /* TopCurrencyTableDelegate.swift in Sources */ = {isa = PBXBuildFile; fileRef = 7D17936829375F3D008A243E /* TopCurrencyTableDelegate.swift */; };
		7D17936B2937744E008A243E /* RateHistory.swift in Sources */ = {isa = PBXBuildFile; fileRef = 7D17936A2937744E008A243E /* RateHistory.swift */; };
		7D17936D293784DE008A243E /* HistoricalRateTopCurrencyViewModel.swift in Sources */ = {isa = PBXBuildFile; fileRef = 7D17936C293784DE008A243E /* HistoricalRateTopCurrencyViewModel.swift */; };
		7D17936F2937953C008A243E /* MockData.swift in Sources */ = {isa = PBXBuildFile; fileRef = 7D17936E2937953C008A243E /* MockData.swift */; };
		7D179371293799DC008A243E /* ConverterModelValidations.swift in Sources */ = {isa = PBXBuildFile; fileRef = 7D179370293799DC008A243E /* ConverterModelValidations.swift */; };
		7D77EBCB2935D4A200BAA949 /* AppDelegate.swift in Sources */ = {isa = PBXBuildFile; fileRef = 7D77EBCA2935D4A200BAA949 /* AppDelegate.swift */; };
		7D77EBCD2935D4A200BAA949 /* SceneDelegate.swift in Sources */ = {isa = PBXBuildFile; fileRef = 7D77EBCC2935D4A200BAA949 /* SceneDelegate.swift */; };
		7D77EBCF2935D4A200BAA949 /* ViewController.swift in Sources */ = {isa = PBXBuildFile; fileRef = 7D77EBCE2935D4A200BAA949 /* ViewController.swift */; };
		7D77EBD42935D4A400BAA949 /* Assets.xcassets in Resources */ = {isa = PBXBuildFile; fileRef = 7D77EBD32935D4A400BAA949 /* Assets.xcassets */; };
		7D77EBD72935D4A400BAA949 /* LaunchScreen.storyboard in Resources */ = {isa = PBXBuildFile; fileRef = 7D77EBD52935D4A400BAA949 /* LaunchScreen.storyboard */; };
		7D77EBE22935D4A400BAA949 /* CurrencyTests.swift in Sources */ = {isa = PBXBuildFile; fileRef = 7D77EBE12935D4A400BAA949 /* CurrencyTests.swift */; };
		7D77EBEC2935D4A400BAA949 /* CurrencyUITests.swift in Sources */ = {isa = PBXBuildFile; fileRef = 7D77EBEB2935D4A400BAA949 /* CurrencyUITests.swift */; };
		7D77EBEE2935D4A400BAA949 /* CurrencyUITestsLaunchTests.swift in Sources */ = {isa = PBXBuildFile; fileRef = 7D77EBED2935D4A400BAA949 /* CurrencyUITestsLaunchTests.swift */; };
		7D77EC002935DBAF00BAA949 /* ConverterViewController.swift in Sources */ = {isa = PBXBuildFile; fileRef = 7D77EBFF2935DBAF00BAA949 /* ConverterViewController.swift */; };
		7D81AD582936066700E1E732 /* LayoutConstraints+Helpers.swift in Sources */ = {isa = PBXBuildFile; fileRef = 7D81AD572936066700E1E732 /* LayoutConstraints+Helpers.swift */; };
		7D81AD5A2936085E00E1E732 /* UITextField+CustomInit.swift in Sources */ = {isa = PBXBuildFile; fileRef = 7D81AD592936085E00E1E732 /* UITextField+CustomInit.swift */; };
		7D81AD5D2936112100E1E732 /* CurrencyConversionViewModel.swift in Sources */ = {isa = PBXBuildFile; fileRef = 7D81AD5C2936112100E1E732 /* CurrencyConversionViewModel.swift */; };
		7D81AD60293634B800E1E732 /* ApiService.swift in Sources */ = {isa = PBXBuildFile; fileRef = 7D81AD5F293634B800E1E732 /* ApiService.swift */; };
		7D81AD622936361800E1E732 /* FixerIOService.swift in Sources */ = {isa = PBXBuildFile; fileRef = 7D81AD612936361800E1E732 /* FixerIOService.swift */; };
		7D81AD642936363300E1E732 /* Service.swift in Sources */ = {isa = PBXBuildFile; fileRef = 7D81AD632936363300E1E732 /* Service.swift */; };
		7D81AD6729363ACE00E1E732 /* SupportedCurrencies.swift in Sources */ = {isa = PBXBuildFile; fileRef = 7D81AD6629363ACE00E1E732 /* SupportedCurrencies.swift */; };
/* End PBXBuildFile section */

/* Begin PBXContainerItemProxy section */
		7D77EBDE2935D4A400BAA949 /* PBXContainerItemProxy */ = {
			isa = PBXContainerItemProxy;
			containerPortal = 7D77EBBF2935D4A200BAA949 /* Project object */;
			proxyType = 1;
			remoteGlobalIDString = 7D77EBC62935D4A200BAA949;
			remoteInfo = Currency;
		};
		7D77EBE82935D4A400BAA949 /* PBXContainerItemProxy */ = {
			isa = PBXContainerItemProxy;
			containerPortal = 7D77EBBF2935D4A200BAA949 /* Project object */;
			proxyType = 1;
			remoteGlobalIDString = 7D77EBC62935D4A200BAA949;
			remoteInfo = Currency;
		};
/* End PBXContainerItemProxy section */

/* Begin PBXFileReference section */
		7D17935C29364B59008A243E /* PickerController.swift */ = {isa = PBXFileReference; lastKnownFileType = sourcecode.swift; path = PickerController.swift; sourceTree = "<group>"; };
		7D17935E293674CB008A243E /* ExchangeRate.swift */ = {isa = PBXFileReference; lastKnownFileType = sourcecode.swift; path = ExchangeRate.swift; sourceTree = "<group>"; };
		7D179361293747E8008A243E /* UIViewController+Alert.swift */ = {isa = PBXFileReference; lastKnownFileType = sourcecode.swift; path = "UIViewController+Alert.swift"; sourceTree = "<group>"; };
		7D17936329374D5E008A243E /* HistoricalRateAndPopularCurrencyController.swift */ = {isa = PBXFileReference; lastKnownFileType = sourcecode.swift; path = HistoricalRateAndPopularCurrencyController.swift; sourceTree = "<group>"; };
		7D17936629375F1F008A243E /* HistoricalRateTableDelegate.swift */ = {isa = PBXFileReference; lastKnownFileType = sourcecode.swift; path = HistoricalRateTableDelegate.swift; sourceTree = "<group>"; };
		7D17936829375F3D008A243E /* TopCurrencyTableDelegate.swift */ = {isa = PBXFileReference; lastKnownFileType = sourcecode.swift; path = TopCurrencyTableDelegate.swift; sourceTree = "<group>"; };
		7D17936A2937744E008A243E /* RateHistory.swift */ = {isa = PBXFileReference; lastKnownFileType = sourcecode.swift; path = RateHistory.swift; sourceTree = "<group>"; };
		7D17936C293784DE008A243E /* HistoricalRateTopCurrencyViewModel.swift */ = {isa = PBXFileReference; lastKnownFileType = sourcecode.swift; path = HistoricalRateTopCurrencyViewModel.swift; sourceTree = "<group>"; };
		7D17936E2937953C008A243E /* MockData.swift */ = {isa = PBXFileReference; lastKnownFileType = sourcecode.swift; path = MockData.swift; sourceTree = "<group>"; };
		7D179370293799DC008A243E /* ConverterModelValidations.swift */ = {isa = PBXFileReference; lastKnownFileType = sourcecode.swift; path = ConverterModelValidations.swift; sourceTree = "<group>"; };
		7D77EBC72935D4A200BAA949 /* Currency.app */ = {isa = PBXFileReference; explicitFileType = wrapper.application; includeInIndex = 0; path = Currency.app; sourceTree = BUILT_PRODUCTS_DIR; };
		7D77EBCA2935D4A200BAA949 /* AppDelegate.swift */ = {isa = PBXFileReference; lastKnownFileType = sourcecode.swift; path = AppDelegate.swift; sourceTree = "<group>"; };
		7D77EBCC2935D4A200BAA949 /* SceneDelegate.swift */ = {isa = PBXFileReference; lastKnownFileType = sourcecode.swift; path = SceneDelegate.swift; sourceTree = "<group>"; };
		7D77EBCE2935D4A200BAA949 /* ViewController.swift */ = {isa = PBXFileReference; lastKnownFileType = sourcecode.swift; path = ViewController.swift; sourceTree = "<group>"; };
		7D77EBD32935D4A400BAA949 /* Assets.xcassets */ = {isa = PBXFileReference; lastKnownFileType = folder.assetcatalog; path = Assets.xcassets; sourceTree = "<group>"; };
		7D77EBD62935D4A400BAA949 /* Base */ = {isa = PBXFileReference; lastKnownFileType = file.storyboard; name = Base; path = Base.lproj/LaunchScreen.storyboard; sourceTree = "<group>"; };
		7D77EBD82935D4A400BAA949 /* Info.plist */ = {isa = PBXFileReference; lastKnownFileType = text.plist.xml; path = Info.plist; sourceTree = "<group>"; };
		7D77EBDD2935D4A400BAA949 /* CurrencyTests.xctest */ = {isa = PBXFileReference; explicitFileType = wrapper.cfbundle; includeInIndex = 0; path = CurrencyTests.xctest; sourceTree = BUILT_PRODUCTS_DIR; };
		7D77EBE12935D4A400BAA949 /* CurrencyTests.swift */ = {isa = PBXFileReference; lastKnownFileType = sourcecode.swift; path = CurrencyTests.swift; sourceTree = "<group>"; };
		7D77EBE72935D4A400BAA949 /* CurrencyUITests.xctest */ = {isa = PBXFileReference; explicitFileType = wrapper.cfbundle; includeInIndex = 0; path = CurrencyUITests.xctest; sourceTree = BUILT_PRODUCTS_DIR; };
		7D77EBEB2935D4A400BAA949 /* CurrencyUITests.swift */ = {isa = PBXFileReference; lastKnownFileType = sourcecode.swift; path = CurrencyUITests.swift; sourceTree = "<group>"; };
		7D77EBED2935D4A400BAA949 /* CurrencyUITestsLaunchTests.swift */ = {isa = PBXFileReference; lastKnownFileType = sourcecode.swift; path = CurrencyUITestsLaunchTests.swift; sourceTree = "<group>"; };
		7D77EBFF2935DBAF00BAA949 /* ConverterViewController.swift */ = {isa = PBXFileReference; lastKnownFileType = sourcecode.swift; path = ConverterViewController.swift; sourceTree = "<group>"; };
		7D81AD572936066700E1E732 /* LayoutConstraints+Helpers.swift */ = {isa = PBXFileReference; lastKnownFileType = sourcecode.swift; path = "LayoutConstraints+Helpers.swift"; sourceTree = "<group>"; };
		7D81AD592936085E00E1E732 /* UITextField+CustomInit.swift */ = {isa = PBXFileReference; lastKnownFileType = sourcecode.swift; path = "UITextField+CustomInit.swift"; sourceTree = "<group>"; };
		7D81AD5C2936112100E1E732 /* CurrencyConversionViewModel.swift */ = {isa = PBXFileReference; lastKnownFileType = sourcecode.swift; path = CurrencyConversionViewModel.swift; sourceTree = "<group>"; };
		7D81AD5F293634B800E1E732 /* ApiService.swift */ = {isa = PBXFileReference; lastKnownFileType = sourcecode.swift; path = ApiService.swift; sourceTree = "<group>"; };
		7D81AD612936361800E1E732 /* FixerIOService.swift */ = {isa = PBXFileReference; lastKnownFileType = sourcecode.swift; path = FixerIOService.swift; sourceTree = "<group>"; };
		7D81AD632936363300E1E732 /* Service.swift */ = {isa = PBXFileReference; lastKnownFileType = sourcecode.swift; path = Service.swift; sourceTree = "<group>"; };
		7D81AD6629363ACE00E1E732 /* SupportedCurrencies.swift */ = {isa = PBXFileReference; lastKnownFileType = sourcecode.swift; path = SupportedCurrencies.swift; sourceTree = "<group>"; };
/* End PBXFileReference section */

/* Begin PBXFrameworksBuildPhase section */
		7D77EBC42935D4A200BAA949 /* Frameworks */ = {
			isa = PBXFrameworksBuildPhase;
			buildActionMask = 2147483647;
			files = (
			);
			runOnlyForDeploymentPostprocessing = 0;
		};
		7D77EBDA2935D4A400BAA949 /* Frameworks */ = {
			isa = PBXFrameworksBuildPhase;
			buildActionMask = 2147483647;
			files = (
			);
			runOnlyForDeploymentPostprocessing = 0;
		};
		7D77EBE42935D4A400BAA949 /* Frameworks */ = {
			isa = PBXFrameworksBuildPhase;
			buildActionMask = 2147483647;
			files = (
			);
			runOnlyForDeploymentPostprocessing = 0;
		};
/* End PBXFrameworksBuildPhase section */

/* Begin PBXGroup section */
		7D17936029373CB9008A243E /* CustomViews */ = {
			isa = PBXGroup;
			children = (
				7D81AD592936085E00E1E732 /* UITextField+CustomInit.swift */,
			);
			path = CustomViews;
			sourceTree = "<group>";
		};
		7D17936529375F10008A243E /* Delegates */ = {
			isa = PBXGroup;
			children = (
				7D17936629375F1F008A243E /* HistoricalRateTableDelegate.swift */,
				7D17936829375F3D008A243E /* TopCurrencyTableDelegate.swift */,
			);
			path = Delegates;
			sourceTree = "<group>";
		};
		7D77EBBE2935D4A200BAA949 = {
			isa = PBXGroup;
			children = (
				7D77EBC92935D4A200BAA949 /* Currency */,
				7D77EBE02935D4A400BAA949 /* CurrencyTests */,
				7D77EBEA2935D4A400BAA949 /* CurrencyUITests */,
				7D77EBC82935D4A200BAA949 /* Products */,
			);
			sourceTree = "<group>";
		};
		7D77EBC82935D4A200BAA949 /* Products */ = {
			isa = PBXGroup;
			children = (
				7D77EBC72935D4A200BAA949 /* Currency.app */,
				7D77EBDD2935D4A400BAA949 /* CurrencyTests.xctest */,
				7D77EBE72935D4A400BAA949 /* CurrencyUITests.xctest */,
			);
			name = Products;
			sourceTree = "<group>";
		};
		7D77EBC92935D4A200BAA949 /* Currency */ = {
			isa = PBXGroup;
			children = (
				7D17936529375F10008A243E /* Delegates */,
				7D17936029373CB9008A243E /* CustomViews */,
				7D81AD6529363AB200E1E732 /* Models */,
				7D81AD5E293634A500E1E732 /* Services */,
				7D81AD5B2936110900E1E732 /* ViewModels */,
				7D77EC012935E19300BAA949 /* Extensions */,
				7D77EBFE2935DB9300BAA949 /* ViewControllers */,
				7D77EBCA2935D4A200BAA949 /* AppDelegate.swift */,
				7D77EBCC2935D4A200BAA949 /* SceneDelegate.swift */,
				7D77EBCE2935D4A200BAA949 /* ViewController.swift */,
				7D77EBD32935D4A400BAA949 /* Assets.xcassets */,
				7D77EBD52935D4A400BAA949 /* LaunchScreen.storyboard */,
				7D77EBD82935D4A400BAA949 /* Info.plist */,
			);
			path = Currency;
			sourceTree = "<group>";
		};
		7D77EBE02935D4A400BAA949 /* CurrencyTests */ = {
			isa = PBXGroup;
			children = (
				7D77EBE12935D4A400BAA949 /* CurrencyTests.swift */,
				7D17936E2937953C008A243E /* MockData.swift */,
				7D179370293799DC008A243E /* ConverterModelValidations.swift */,
			);
			path = CurrencyTests;
			sourceTree = "<group>";
		};
		7D77EBEA2935D4A400BAA949 /* CurrencyUITests */ = {
			isa = PBXGroup;
			children = (
				7D77EBEB2935D4A400BAA949 /* CurrencyUITests.swift */,
				7D77EBED2935D4A400BAA949 /* CurrencyUITestsLaunchTests.swift */,
			);
			path = CurrencyUITests;
			sourceTree = "<group>";
		};
		7D77EBFE2935DB9300BAA949 /* ViewControllers */ = {
			isa = PBXGroup;
			children = (
				7D77EBFF2935DBAF00BAA949 /* ConverterViewController.swift */,
				7D17935C29364B59008A243E /* PickerController.swift */,
				7D17936329374D5E008A243E /* HistoricalRateAndPopularCurrencyController.swift */,
			);
			path = ViewControllers;
			sourceTree = "<group>";
		};
		7D77EC012935E19300BAA949 /* Extensions */ = {
			isa = PBXGroup;
			children = (
				7D77EC022935E19C00BAA949 /* UIViews */,
			);
			path = Extensions;
			sourceTree = "<group>";
		};
		7D77EC022935E19C00BAA949 /* UIViews */ = {
			isa = PBXGroup;
			children = (
				7D81AD572936066700E1E732 /* LayoutConstraints+Helpers.swift */,
				7D179361293747E8008A243E /* UIViewController+Alert.swift */,
			);
			path = UIViews;
			sourceTree = "<group>";
		};
		7D81AD5B2936110900E1E732 /* ViewModels */ = {
			isa = PBXGroup;
			children = (
				7D81AD5C2936112100E1E732 /* CurrencyConversionViewModel.swift */,
				7D17936C293784DE008A243E /* HistoricalRateTopCurrencyViewModel.swift */,
			);
			path = ViewModels;
			sourceTree = "<group>";
		};
		7D81AD5E293634A500E1E732 /* Services */ = {
			isa = PBXGroup;
			children = (
				7D81AD5F293634B800E1E732 /* ApiService.swift */,
				7D81AD612936361800E1E732 /* FixerIOService.swift */,
				7D81AD632936363300E1E732 /* Service.swift */,
			);
			path = Services;
			sourceTree = "<group>";
		};
		7D81AD6529363AB200E1E732 /* Models */ = {
			isa = PBXGroup;
			children = (
				7D81AD6629363ACE00E1E732 /* SupportedCurrencies.swift */,
				7D17935E293674CB008A243E /* ExchangeRate.swift */,
				7D17936A2937744E008A243E /* RateHistory.swift */,
			);
			path = Models;
			sourceTree = "<group>";
		};
/* End PBXGroup section */

/* Begin PBXNativeTarget section */
		7D77EBC62935D4A200BAA949 /* Currency */ = {
			isa = PBXNativeTarget;
			buildConfigurationList = 7D77EBF12935D4A400BAA949 /* Build configuration list for PBXNativeTarget "Currency" */;
			buildPhases = (
				7D77EBC32935D4A200BAA949 /* Sources */,
				7D77EBC42935D4A200BAA949 /* Frameworks */,
				7D77EBC52935D4A200BAA949 /* Resources */,
			);
			buildRules = (
			);
			dependencies = (
			);
			name = Currency;
			productName = Currency;
			productReference = 7D77EBC72935D4A200BAA949 /* Currency.app */;
			productType = "com.apple.product-type.application";
		};
		7D77EBDC2935D4A400BAA949 /* CurrencyTests */ = {
			isa = PBXNativeTarget;
			buildConfigurationList = 7D77EBF42935D4A400BAA949 /* Build configuration list for PBXNativeTarget "CurrencyTests" */;
			buildPhases = (
				7D77EBD92935D4A400BAA949 /* Sources */,
				7D77EBDA2935D4A400BAA949 /* Frameworks */,
				7D77EBDB2935D4A400BAA949 /* Resources */,
			);
			buildRules = (
			);
			dependencies = (
				7D77EBDF2935D4A400BAA949 /* PBXTargetDependency */,
			);
			name = CurrencyTests;
			productName = CurrencyTests;
			productReference = 7D77EBDD2935D4A400BAA949 /* CurrencyTests.xctest */;
			productType = "com.apple.product-type.bundle.unit-test";
		};
		7D77EBE62935D4A400BAA949 /* CurrencyUITests */ = {
			isa = PBXNativeTarget;
			buildConfigurationList = 7D77EBF72935D4A400BAA949 /* Build configuration list for PBXNativeTarget "CurrencyUITests" */;
			buildPhases = (
				7D77EBE32935D4A400BAA949 /* Sources */,
				7D77EBE42935D4A400BAA949 /* Frameworks */,
				7D77EBE52935D4A400BAA949 /* Resources */,
			);
			buildRules = (
			);
			dependencies = (
				7D77EBE92935D4A400BAA949 /* PBXTargetDependency */,
			);
			name = CurrencyUITests;
			productName = CurrencyUITests;
			productReference = 7D77EBE72935D4A400BAA949 /* CurrencyUITests.xctest */;
			productType = "com.apple.product-type.bundle.ui-testing";
		};
/* End PBXNativeTarget section */

/* Begin PBXProject section */
		7D77EBBF2935D4A200BAA949 /* Project object */ = {
			isa = PBXProject;
			attributes = {
				BuildIndependentTargetsInParallel = 1;
				LastSwiftUpdateCheck = 1410;
				LastUpgradeCheck = 1410;
				TargetAttributes = {
					7D77EBC62935D4A200BAA949 = {
						CreatedOnToolsVersion = 14.1;
					};
					7D77EBDC2935D4A400BAA949 = {
						CreatedOnToolsVersion = 14.1;
						TestTargetID = 7D77EBC62935D4A200BAA949;
					};
					7D77EBE62935D4A400BAA949 = {
						CreatedOnToolsVersion = 14.1;
						TestTargetID = 7D77EBC62935D4A200BAA949;
					};
				};
			};
			buildConfigurationList = 7D77EBC22935D4A200BAA949 /* Build configuration list for PBXProject "Currency" */;
			compatibilityVersion = "Xcode 14.0";
			developmentRegion = en;
			hasScannedForEncodings = 0;
			knownRegions = (
				en,
				Base,
			);
			mainGroup = 7D77EBBE2935D4A200BAA949;
			productRefGroup = 7D77EBC82935D4A200BAA949 /* Products */;
			projectDirPath = "";
			projectRoot = "";
			targets = (
				7D77EBC62935D4A200BAA949 /* Currency */,
				7D77EBDC2935D4A400BAA949 /* CurrencyTests */,
				7D77EBE62935D4A400BAA949 /* CurrencyUITests */,
			);
		};
/* End PBXProject section */

/* Begin PBXResourcesBuildPhase section */
		7D77EBC52935D4A200BAA949 /* Resources */ = {
			isa = PBXResourcesBuildPhase;
			buildActionMask = 2147483647;
			files = (
				7D77EBD72935D4A400BAA949 /* LaunchScreen.storyboard in Resources */,
				7D77EBD42935D4A400BAA949 /* Assets.xcassets in Resources */,
			);
			runOnlyForDeploymentPostprocessing = 0;
		};
		7D77EBDB2935D4A400BAA949 /* Resources */ = {
			isa = PBXResourcesBuildPhase;
			buildActionMask = 2147483647;
			files = (
			);
			runOnlyForDeploymentPostprocessing = 0;
		};
		7D77EBE52935D4A400BAA949 /* Resources */ = {
			isa = PBXResourcesBuildPhase;
			buildActionMask = 2147483647;
			files = (
			);
			runOnlyForDeploymentPostprocessing = 0;
		};
/* End PBXResourcesBuildPhase section */

/* Begin PBXSourcesBuildPhase section */
		7D77EBC32935D4A200BAA949 /* Sources */ = {
			isa = PBXSourcesBuildPhase;
			buildActionMask = 2147483647;
			files = (
				7D77EBCF2935D4A200BAA949 /* ViewController.swift in Sources */,
				7D81AD5D2936112100E1E732 /* CurrencyConversionViewModel.swift in Sources */,
				7D77EBCB2935D4A200BAA949 /* AppDelegate.swift in Sources */,
				7D17935D29364B59008A243E /* PickerController.swift in Sources */,
				7D81AD5A2936085E00E1E732 /* UITextField+CustomInit.swift in Sources */,
				7D81AD6729363ACE00E1E732 /* SupportedCurrencies.swift in Sources */,
				7D77EBCD2935D4A200BAA949 /* SceneDelegate.swift in Sources */,
				7D17936929375F3D008A243E /* TopCurrencyTableDelegate.swift in Sources */,
				7D17936729375F1F008A243E /* HistoricalRateTableDelegate.swift in Sources */,
				7D17935F293674CB008A243E /* ExchangeRate.swift in Sources */,
				7D17936429374D5E008A243E /* HistoricalRateAndPopularCurrencyController.swift in Sources */,
				7D81AD622936361800E1E732 /* FixerIOService.swift in Sources */,
				7D81AD582936066700E1E732 /* LayoutConstraints+Helpers.swift in Sources */,
				7D17936D293784DE008A243E /* HistoricalRateTopCurrencyViewModel.swift in Sources */,
				7D81AD642936363300E1E732 /* Service.swift in Sources */,
				7D81AD60293634B800E1E732 /* ApiService.swift in Sources */,
				7D77EC002935DBAF00BAA949 /* ConverterViewController.swift in Sources */,
				7D17936B2937744E008A243E /* RateHistory.swift in Sources */,
				7D179362293747E8008A243E /* UIViewController+Alert.swift in Sources */,
			);
			runOnlyForDeploymentPostprocessing = 0;
		};
		7D77EBD92935D4A400BAA949 /* Sources */ = {
			isa = PBXSourcesBuildPhase;
			buildActionMask = 2147483647;
			files = (
				7D179371293799DC008A243E /* ConverterModelValidations.swift in Sources */,
				7D77EBE22935D4A400BAA949 /* CurrencyTests.swift in Sources */,
				7D17936F2937953C008A243E /* MockData.swift in Sources */,
			);
			runOnlyForDeploymentPostprocessing = 0;
		};
		7D77EBE32935D4A400BAA949 /* Sources */ = {
			isa = PBXSourcesBuildPhase;
			buildActionMask = 2147483647;
			files = (
				7D77EBEE2935D4A400BAA949 /* CurrencyUITestsLaunchTests.swift in Sources */,
				7D77EBEC2935D4A400BAA949 /* CurrencyUITests.swift in Sources */,
			);
			runOnlyForDeploymentPostprocessing = 0;
		};
/* End PBXSourcesBuildPhase section */

/* Begin PBXTargetDependency section */
		7D77EBDF2935D4A400BAA949 /* PBXTargetDependency */ = {
			isa = PBXTargetDependency;
			target = 7D77EBC62935D4A200BAA949 /* Currency */;
			targetProxy = 7D77EBDE2935D4A400BAA949 /* PBXContainerItemProxy */;
		};
		7D77EBE92935D4A400BAA949 /* PBXTargetDependency */ = {
			isa = PBXTargetDependency;
			target = 7D77EBC62935D4A200BAA949 /* Currency */;
			targetProxy = 7D77EBE82935D4A400BAA949 /* PBXContainerItemProxy */;
		};
/* End PBXTargetDependency section */

/* Begin PBXVariantGroup section */
		7D77EBD52935D4A400BAA949 /* LaunchScreen.storyboard */ = {
			isa = PBXVariantGroup;
			children = (
				7D77EBD62935D4A400BAA949 /* Base */,
			);
			name = LaunchScreen.storyboard;
			sourceTree = "<group>";
		};
/* End PBXVariantGroup section */

/* Begin XCBuildConfiguration section */
		7D77EBEF2935D4A400BAA949 /* Debug */ = {
			isa = XCBuildConfiguration;
			buildSettings = {
				ALWAYS_SEARCH_USER_PATHS = NO;
				CLANG_ANALYZER_NONNULL = YES;
				CLANG_ANALYZER_NUMBER_OBJECT_CONVERSION = YES_AGGRESSIVE;
				CLANG_CXX_LANGUAGE_STANDARD = "gnu++20";
				CLANG_ENABLE_MODULES = YES;
				CLANG_ENABLE_OBJC_ARC = YES;
				CLANG_ENABLE_OBJC_WEAK = YES;
				CLANG_WARN_BLOCK_CAPTURE_AUTORELEASING = YES;
				CLANG_WARN_BOOL_CONVERSION = YES;
				CLANG_WARN_COMMA = YES;
				CLANG_WARN_CONSTANT_CONVERSION = YES;
				CLANG_WARN_DEPRECATED_OBJC_IMPLEMENTATIONS = YES;
				CLANG_WARN_DIRECT_OBJC_ISA_USAGE = YES_ERROR;
				CLANG_WARN_DOCUMENTATION_COMMENTS = YES;
				CLANG_WARN_EMPTY_BODY = YES;
				CLANG_WARN_ENUM_CONVERSION = YES;
				CLANG_WARN_INFINITE_RECURSION = YES;
				CLANG_WARN_INT_CONVERSION = YES;
				CLANG_WARN_NON_LITERAL_NULL_CONVERSION = YES;
				CLANG_WARN_OBJC_IMPLICIT_RETAIN_SELF = YES;
				CLANG_WARN_OBJC_LITERAL_CONVERSION = YES;
				CLANG_WARN_OBJC_ROOT_CLASS = YES_ERROR;
				CLANG_WARN_QUOTED_INCLUDE_IN_FRAMEWORK_HEADER = YES;
				CLANG_WARN_RANGE_LOOP_ANALYSIS = YES;
				CLANG_WARN_STRICT_PROTOTYPES = YES;
				CLANG_WARN_SUSPICIOUS_MOVE = YES;
				CLANG_WARN_UNGUARDED_AVAILABILITY = YES_AGGRESSIVE;
				CLANG_WARN_UNREACHABLE_CODE = YES;
				CLANG_WARN__DUPLICATE_METHOD_MATCH = YES;
				COPY_PHASE_STRIP = NO;
				DEBUG_INFORMATION_FORMAT = dwarf;
				ENABLE_STRICT_OBJC_MSGSEND = YES;
				ENABLE_TESTABILITY = YES;
				GCC_C_LANGUAGE_STANDARD = gnu11;
				GCC_DYNAMIC_NO_PIC = NO;
				GCC_NO_COMMON_BLOCKS = YES;
				GCC_OPTIMIZATION_LEVEL = 0;
				GCC_PREPROCESSOR_DEFINITIONS = (
					"DEBUG=1",
					"$(inherited)",
				);
				GCC_WARN_64_TO_32_BIT_CONVERSION = YES;
				GCC_WARN_ABOUT_RETURN_TYPE = YES_ERROR;
				GCC_WARN_UNDECLARED_SELECTOR = YES;
				GCC_WARN_UNINITIALIZED_AUTOS = YES_AGGRESSIVE;
				GCC_WARN_UNUSED_FUNCTION = YES;
				GCC_WARN_UNUSED_VARIABLE = YES;
				IPHONEOS_DEPLOYMENT_TARGET = 16.1;
				MTL_ENABLE_DEBUG_INFO = INCLUDE_SOURCE;
				MTL_FAST_MATH = YES;
				ONLY_ACTIVE_ARCH = YES;
				SDKROOT = iphoneos;
				SWIFT_ACTIVE_COMPILATION_CONDITIONS = DEBUG;
				SWIFT_OPTIMIZATION_LEVEL = "-Onone";
			};
			name = Debug;
		};
		7D77EBF02935D4A400BAA949 /* Release */ = {
			isa = XCBuildConfiguration;
			buildSettings = {
				ALWAYS_SEARCH_USER_PATHS = NO;
				CLANG_ANALYZER_NONNULL = YES;
				CLANG_ANALYZER_NUMBER_OBJECT_CONVERSION = YES_AGGRESSIVE;
				CLANG_CXX_LANGUAGE_STANDARD = "gnu++20";
				CLANG_ENABLE_MODULES = YES;
				CLANG_ENABLE_OBJC_ARC = YES;
				CLANG_ENABLE_OBJC_WEAK = YES;
				CLANG_WARN_BLOCK_CAPTURE_AUTORELEASING = YES;
				CLANG_WARN_BOOL_CONVERSION = YES;
				CLANG_WARN_COMMA = YES;
				CLANG_WARN_CONSTANT_CONVERSION = YES;
				CLANG_WARN_DEPRECATED_OBJC_IMPLEMENTATIONS = YES;
				CLANG_WARN_DIRECT_OBJC_ISA_USAGE = YES_ERROR;
				CLANG_WARN_DOCUMENTATION_COMMENTS = YES;
				CLANG_WARN_EMPTY_BODY = YES;
				CLANG_WARN_ENUM_CONVERSION = YES;
				CLANG_WARN_INFINITE_RECURSION = YES;
				CLANG_WARN_INT_CONVERSION = YES;
				CLANG_WARN_NON_LITERAL_NULL_CONVERSION = YES;
				CLANG_WARN_OBJC_IMPLICIT_RETAIN_SELF = YES;
				CLANG_WARN_OBJC_LITERAL_CONVERSION = YES;
				CLANG_WARN_OBJC_ROOT_CLASS = YES_ERROR;
				CLANG_WARN_QUOTED_INCLUDE_IN_FRAMEWORK_HEADER = YES;
				CLANG_WARN_RANGE_LOOP_ANALYSIS = YES;
				CLANG_WARN_STRICT_PROTOTYPES = YES;
				CLANG_WARN_SUSPICIOUS_MOVE = YES;
				CLANG_WARN_UNGUARDED_AVAILABILITY = YES_AGGRESSIVE;
				CLANG_WARN_UNREACHABLE_CODE = YES;
				CLANG_WARN__DUPLICATE_METHOD_MATCH = YES;
				COPY_PHASE_STRIP = NO;
				DEBUG_INFORMATION_FORMAT = "dwarf-with-dsym";
				ENABLE_NS_ASSERTIONS = NO;
				ENABLE_STRICT_OBJC_MSGSEND = YES;
				GCC_C_LANGUAGE_STANDARD = gnu11;
				GCC_NO_COMMON_BLOCKS = YES;
				GCC_WARN_64_TO_32_BIT_CONVERSION = YES;
				GCC_WARN_ABOUT_RETURN_TYPE = YES_ERROR;
				GCC_WARN_UNDECLARED_SELECTOR = YES;
				GCC_WARN_UNINITIALIZED_AUTOS = YES_AGGRESSIVE;
				GCC_WARN_UNUSED_FUNCTION = YES;
				GCC_WARN_UNUSED_VARIABLE = YES;
				IPHONEOS_DEPLOYMENT_TARGET = 16.1;
				MTL_ENABLE_DEBUG_INFO = NO;
				MTL_FAST_MATH = YES;
				SDKROOT = iphoneos;
				SWIFT_COMPILATION_MODE = wholemodule;
				SWIFT_OPTIMIZATION_LEVEL = "-O";
				VALIDATE_PRODUCT = YES;
			};
			name = Release;
		};
		7D77EBF22935D4A400BAA949 /* Debug */ = {
			isa = XCBuildConfiguration;
			buildSettings = {
				ASSETCATALOG_COMPILER_APPICON_NAME = AppIcon;
				ASSETCATALOG_COMPILER_GLOBAL_ACCENT_COLOR_NAME = AccentColor;
				CODE_SIGN_STYLE = Automatic;
				CURRENT_PROJECT_VERSION = 1;
				DEVELOPMENT_TEAM = Z2H96X8Y2W;
				GENERATE_INFOPLIST_FILE = YES;
				INFOPLIST_FILE = Currency/Info.plist;
				INFOPLIST_KEY_CFBundleDisplayName = "Currency!";
				INFOPLIST_KEY_LSApplicationCategoryType = "public.app-category.finance";
				INFOPLIST_KEY_UIApplicationSupportsIndirectInputEvents = YES;
				INFOPLIST_KEY_UILaunchStoryboardName = LaunchScreen.storyboard;
				INFOPLIST_KEY_UISupportedInterfaceOrientations_iPad = "UIInterfaceOrientationPortrait UIInterfaceOrientationPortraitUpsideDown UIInterfaceOrientationLandscapeLeft UIInterfaceOrientationLandscapeRight";
				INFOPLIST_KEY_UISupportedInterfaceOrientations_iPhone = "UIInterfaceOrientationPortrait UIInterfaceOrientationLandscapeLeft UIInterfaceOrientationLandscapeRight";
				IPHONEOS_DEPLOYMENT_TARGET = 15.0;
				LD_RUNPATH_SEARCH_PATHS = (
					"$(inherited)",
					"@executable_path/Frameworks",
				);
				MARKETING_VERSION = 1.0;
				PRODUCT_BUNDLE_IDENTIFIER = dev.dhana.Currency;
				PRODUCT_NAME = "$(TARGET_NAME)";
				SWIFT_EMIT_LOC_STRINGS = YES;
				SWIFT_VERSION = 5.0;
				TARGETED_DEVICE_FAMILY = "1,2";
			};
			name = Debug;
		};
		7D77EBF32935D4A400BAA949 /* Release */ = {
			isa = XCBuildConfiguration;
			buildSettings = {
				ASSETCATALOG_COMPILER_APPICON_NAME = AppIcon;
				ASSETCATALOG_COMPILER_GLOBAL_ACCENT_COLOR_NAME = AccentColor;
				CODE_SIGN_STYLE = Automatic;
				CURRENT_PROJECT_VERSION = 1;
				DEVELOPMENT_TEAM = Z2H96X8Y2W;
				GENERATE_INFOPLIST_FILE = YES;
				INFOPLIST_FILE = Currency/Info.plist;
				INFOPLIST_KEY_CFBundleDisplayName = "Currency!";
				INFOPLIST_KEY_LSApplicationCategoryType = "public.app-category.finance";
				INFOPLIST_KEY_UIApplicationSupportsIndirectInputEvents = YES;
				INFOPLIST_KEY_UILaunchStoryboardName = LaunchScreen.storyboard;
				INFOPLIST_KEY_UISupportedInterfaceOrientations_iPad = "UIInterfaceOrientationPortrait UIInterfaceOrientationPortraitUpsideDown UIInterfaceOrientationLandscapeLeft UIInterfaceOrientationLandscapeRight";
				INFOPLIST_KEY_UISupportedInterfaceOrientations_iPhone = "UIInterfaceOrientationPortrait UIInterfaceOrientationLandscapeLeft UIInterfaceOrientationLandscapeRight";
				IPHONEOS_DEPLOYMENT_TARGET = 15.0;
				LD_RUNPATH_SEARCH_PATHS = (
					"$(inherited)",
					"@executable_path/Frameworks",
				);
				MARKETING_VERSION = 1.0;
				PRODUCT_BUNDLE_IDENTIFIER = dev.dhana.Currency;
				PRODUCT_NAME = "$(TARGET_NAME)";
				SWIFT_EMIT_LOC_STRINGS = YES;
				SWIFT_VERSION = 5.0;
				TARGETED_DEVICE_FAMILY = "1,2";
			};
			name = Release;
		};
		7D77EBF52935D4A400BAA949 /* Debug */ = {
			isa = XCBuildConfiguration;
			buildSettings = {
				ALWAYS_EMBED_SWIFT_STANDARD_LIBRARIES = YES;
				BUNDLE_LOADER = "$(TEST_HOST)";
				CODE_SIGN_STYLE = Automatic;
				CURRENT_PROJECT_VERSION = 1;
				DEVELOPMENT_TEAM = Z2H96X8Y2W;
				GENERATE_INFOPLIST_FILE = YES;
				IPHONEOS_DEPLOYMENT_TARGET = 16.1;
				MARKETING_VERSION = 1.0;
				PRODUCT_BUNDLE_IDENTIFIER = dev.dhana.CurrencyTests;
				PRODUCT_NAME = "$(TARGET_NAME)";
				SWIFT_EMIT_LOC_STRINGS = NO;
				SWIFT_VERSION = 5.0;
				TARGETED_DEVICE_FAMILY = "1,2";
				TEST_HOST = "$(BUILT_PRODUCTS_DIR)/Currency.app/$(BUNDLE_EXECUTABLE_FOLDER_PATH)/Currency";
			};
			name = Debug;
		};
		7D77EBF62935D4A400BAA949 /* Release */ = {
			isa = XCBuildConfiguration;
			buildSettings = {
				ALWAYS_EMBED_SWIFT_STANDARD_LIBRARIES = YES;
				BUNDLE_LOADER = "$(TEST_HOST)";
				CODE_SIGN_STYLE = Automatic;
				CURRENT_PROJECT_VERSION = 1;
				DEVELOPMENT_TEAM = Z2H96X8Y2W;
				GENERATE_INFOPLIST_FILE = YES;
				IPHONEOS_DEPLOYMENT_TARGET = 16.1;
				MARKETING_VERSION = 1.0;
				PRODUCT_BUNDLE_IDENTIFIER = dev.dhana.CurrencyTests;
				PRODUCT_NAME = "$(TARGET_NAME)";
				SWIFT_EMIT_LOC_STRINGS = NO;
				SWIFT_VERSION = 5.0;
				TARGETED_DEVICE_FAMILY = "1,2";
				TEST_HOST = "$(BUILT_PRODUCTS_DIR)/Currency.app/$(BUNDLE_EXECUTABLE_FOLDER_PATH)/Currency";
			};
			name = Release;
		};
		7D77EBF82935D4A400BAA949 /* Debug */ = {
			isa = XCBuildConfiguration;
			buildSettings = {
				ALWAYS_EMBED_SWIFT_STANDARD_LIBRARIES = YES;
				CODE_SIGN_STYLE = Automatic;
				CURRENT_PROJECT_VERSION = 1;
				DEVELOPMENT_TEAM = Z2H96X8Y2W;
				GENERATE_INFOPLIST_FILE = YES;
				MARKETING_VERSION = 1.0;
				PRODUCT_BUNDLE_IDENTIFIER = dev.dhana.CurrencyUITests;
				PRODUCT_NAME = "$(TARGET_NAME)";
				SWIFT_EMIT_LOC_STRINGS = NO;
				SWIFT_VERSION = 5.0;
				TARGETED_DEVICE_FAMILY = "1,2";
				TEST_TARGET_NAME = Currency;
			};
			name = Debug;
		};
		7D77EBF92935D4A400BAA949 /* Release */ = {
			isa = XCBuildConfiguration;
			buildSettings = {
				ALWAYS_EMBED_SWIFT_STANDARD_LIBRARIES = YES;
				CODE_SIGN_STYLE = Automatic;
				CURRENT_PROJECT_VERSION = 1;
				DEVELOPMENT_TEAM = Z2H96X8Y2W;
				GENERATE_INFOPLIST_FILE = YES;
				MARKETING_VERSION = 1.0;
				PRODUCT_BUNDLE_IDENTIFIER = dev.dhana.CurrencyUITests;
				PRODUCT_NAME = "$(TARGET_NAME)";
				SWIFT_EMIT_LOC_STRINGS = NO;
				SWIFT_VERSION = 5.0;
				TARGETED_DEVICE_FAMILY = "1,2";
				TEST_TARGET_NAME = Currency;
			};
			name = Release;
		};
/* End XCBuildConfiguration section */

/* Begin XCConfigurationList section */
		7D77EBC22935D4A200BAA949 /* Build configuration list for PBXProject "Currency" */ = {
			isa = XCConfigurationList;
			buildConfigurations = (
				7D77EBEF2935D4A400BAA949 /* Debug */,
				7D77EBF02935D4A400BAA949 /* Release */,
			);
			defaultConfigurationIsVisible = 0;
			defaultConfigurationName = Release;
		};
		7D77EBF12935D4A400BAA949 /* Build configuration list for PBXNativeTarget "Currency" */ = {
			isa = XCConfigurationList;
			buildConfigurations = (
				7D77EBF22935D4A400BAA949 /* Debug */,
				7D77EBF32935D4A400BAA949 /* Release */,
			);
			defaultConfigurationIsVisible = 0;
			defaultConfigurationName = Release;
		};
		7D77EBF42935D4A400BAA949 /* Build configuration list for PBXNativeTarget "CurrencyTests" */ = {
			isa = XCConfigurationList;
			buildConfigurations = (
				7D77EBF52935D4A400BAA949 /* Debug */,
				7D77EBF62935D4A400BAA949 /* Release */,
			);
			defaultConfigurationIsVisible = 0;
			defaultConfigurationName = Release;
		};
		7D77EBF72935D4A400BAA949 /* Build configuration list for PBXNativeTarget "CurrencyUITests" */ = {
			isa = XCConfigurationList;
			buildConfigurations = (
				7D77EBF82935D4A400BAA949 /* Debug */,
				7D77EBF92935D4A400BAA949 /* Release */,
			);
			defaultConfigurationIsVisible = 0;
			defaultConfigurationName = Release;
		};
/* End XCConfigurationList section */
	};
	rootObject = 7D77EBBF2935D4A200BAA949 /* Project object */;
}
